// !$*UTF8*$!
{
	archiveVersion = 1;
	classes = {
	};
	objectVersion = 50;
	objects = {

/* Begin PBXBuildFile section */
		3F6A462724573AF200222F4F /* AppDelegate.swift in Sources */ = {isa = PBXBuildFile; fileRef = 3F6A462624573AF200222F4F /* AppDelegate.swift */; };
		3F6A462924573AF200222F4F /* SceneDelegate.swift in Sources */ = {isa = PBXBuildFile; fileRef = 3F6A462824573AF200222F4F /* SceneDelegate.swift */; };
		3F6A462B24573AF200222F4F /* ViewController.swift in Sources */ = {isa = PBXBuildFile; fileRef = 3F6A462A24573AF200222F4F /* ViewController.swift */; };
		3F6A462E24573AF200222F4F /* Main.storyboard in Resources */ = {isa = PBXBuildFile; fileRef = 3F6A462C24573AF200222F4F /* Main.storyboard */; };
		3F6A463024573AF500222F4F /* Assets.xcassets in Resources */ = {isa = PBXBuildFile; fileRef = 3F6A462F24573AF500222F4F /* Assets.xcassets */; };
		3F6A463324573AF500222F4F /* LaunchScreen.storyboard in Resources */ = {isa = PBXBuildFile; fileRef = 3F6A463124573AF500222F4F /* LaunchScreen.storyboard */; };
		3F6A463E24573AF500222F4F /* NumberConvertToKoreanTests.swift in Sources */ = {isa = PBXBuildFile; fileRef = 3F6A463D24573AF500222F4F /* NumberConvertToKoreanTests.swift */; };
		3F6A464924573AF500222F4F /* NumberConvertToKoreanUITests.swift in Sources */ = {isa = PBXBuildFile; fileRef = 3F6A464824573AF500222F4F /* NumberConvertToKoreanUITests.swift */; };
/* End PBXBuildFile section */

/* Begin PBXContainerItemProxy section */
		3F6A463A24573AF500222F4F /* PBXContainerItemProxy */ = {
			isa = PBXContainerItemProxy;
			containerPortal = 3F6A461B24573AF200222F4F /* Project object */;
			proxyType = 1;
			remoteGlobalIDString = 3F6A462224573AF200222F4F;
			remoteInfo = NumberConvertToKorean;
		};
		3F6A464524573AF500222F4F /* PBXContainerItemProxy */ = {
			isa = PBXContainerItemProxy;
			containerPortal = 3F6A461B24573AF200222F4F /* Project object */;
			proxyType = 1;
			remoteGlobalIDString = 3F6A462224573AF200222F4F;
			remoteInfo = NumberConvertToKorean;
		};
/* End PBXContainerItemProxy section */

/* Begin PBXFileReference section */
		3F6A462324573AF200222F4F /* NumberConvertToKorean.app */ = {isa = PBXFileReference; explicitFileType = wrapper.application; includeInIndex = 0; path = NumberConvertToKorean.app; sourceTree = BUILT_PRODUCTS_DIR; };
		3F6A462624573AF200222F4F /* AppDelegate.swift */ = {isa = PBXFileReference; lastKnownFileType = sourcecode.swift; path = AppDelegate.swift; sourceTree = "<group>"; };
		3F6A462824573AF200222F4F /* SceneDelegate.swift */ = {isa = PBXFileReference; lastKnownFileType = sourcecode.swift; path = SceneDelegate.swift; sourceTree = "<group>"; };
		3F6A462A24573AF200222F4F /* ViewController.swift */ = {isa = PBXFileReference; lastKnownFileType = sourcecode.swift; path = ViewController.swift; sourceTree = "<group>"; };
		3F6A462D24573AF200222F4F /* Base */ = {isa = PBXFileReference; lastKnownFileType = file.storyboard; name = Base; path = Base.lproj/Main.storyboard; sourceTree = "<group>"; };
		3F6A462F24573AF500222F4F /* Assets.xcassets */ = {isa = PBXFileReference; lastKnownFileType = folder.assetcatalog; path = Assets.xcassets; sourceTree = "<group>"; };
		3F6A463224573AF500222F4F /* Base */ = {isa = PBXFileReference; lastKnownFileType = file.storyboard; name = Base; path = Base.lproj/LaunchScreen.storyboard; sourceTree = "<group>"; };
		3F6A463424573AF500222F4F /* Info.plist */ = {isa = PBXFileReference; lastKnownFileType = text.plist.xml; path = Info.plist; sourceTree = "<group>"; };
		3F6A463924573AF500222F4F /* NumberConvertToKoreanTests.xctest */ = {isa = PBXFileReference; explicitFileType = wrapper.cfbundle; includeInIndex = 0; path = NumberConvertToKoreanTests.xctest; sourceTree = BUILT_PRODUCTS_DIR; };
		3F6A463D24573AF500222F4F /* NumberConvertToKoreanTests.swift */ = {isa = PBXFileReference; lastKnownFileType = sourcecode.swift; path = NumberConvertToKoreanTests.swift; sourceTree = "<group>"; };
		3F6A463F24573AF500222F4F /* Info.plist */ = {isa = PBXFileReference; lastKnownFileType = text.plist.xml; path = Info.plist; sourceTree = "<group>"; };
		3F6A464424573AF500222F4F /* NumberConvertToKoreanUITests.xctest */ = {isa = PBXFileReference; explicitFileType = wrapper.cfbundle; includeInIndex = 0; path = NumberConvertToKoreanUITests.xctest; sourceTree = BUILT_PRODUCTS_DIR; };
		3F6A464824573AF500222F4F /* NumberConvertToKoreanUITests.swift */ = {isa = PBXFileReference; lastKnownFileType = sourcecode.swift; path = NumberConvertToKoreanUITests.swift; sourceTree = "<group>"; };
		3F6A464A24573AF500222F4F /* Info.plist */ = {isa = PBXFileReference; lastKnownFileType = text.plist.xml; path = Info.plist; sourceTree = "<group>"; };
/* End PBXFileReference section */

/* Begin PBXFrameworksBuildPhase section */
		3F6A462024573AF200222F4F /* Frameworks */ = {
			isa = PBXFrameworksBuildPhase;
			buildActionMask = 2147483647;
			files = (
			);
			runOnlyForDeploymentPostprocessing = 0;
		};
		3F6A463624573AF500222F4F /* Frameworks */ = {
			isa = PBXFrameworksBuildPhase;
			buildActionMask = 2147483647;
			files = (
			);
			runOnlyForDeploymentPostprocessing = 0;
		};
		3F6A464124573AF500222F4F /* Frameworks */ = {
			isa = PBXFrameworksBuildPhase;
			buildActionMask = 2147483647;
			files = (
			);
			runOnlyForDeploymentPostprocessing = 0;
		};
/* End PBXFrameworksBuildPhase section */

/* Begin PBXGroup section */
		3F6A461A24573AF200222F4F = {
			isa = PBXGroup;
			children = (
				3F6A462524573AF200222F4F /* NumberConvertToKorean */,
				3F6A463C24573AF500222F4F /* NumberConvertToKoreanTests */,
				3F6A464724573AF500222F4F /* NumberConvertToKoreanUITests */,
				3F6A462424573AF200222F4F /* Products */,
			);
			sourceTree = "<group>";
		};
		3F6A462424573AF200222F4F /* Products */ = {
			isa = PBXGroup;
			children = (
				3F6A462324573AF200222F4F /* NumberConvertToKorean.app */,
				3F6A463924573AF500222F4F /* NumberConvertToKoreanTests.xctest */,
				3F6A464424573AF500222F4F /* NumberConvertToKoreanUITests.xctest */,
			);
			name = Products;
			sourceTree = "<group>";
		};
		3F6A462524573AF200222F4F /* NumberConvertToKorean */ = {
			isa = PBXGroup;
			children = (
				3F6A462624573AF200222F4F /* AppDelegate.swift */,
				3F6A462824573AF200222F4F /* SceneDelegate.swift */,
				3F6A462A24573AF200222F4F /* ViewController.swift */,
				3F6A462C24573AF200222F4F /* Main.storyboard */,
				3F6A462F24573AF500222F4F /* Assets.xcassets */,
				3F6A463124573AF500222F4F /* LaunchScreen.storyboard */,
				3F6A463424573AF500222F4F /* Info.plist */,
			);
			path = NumberConvertToKorean;
			sourceTree = "<group>";
		};
		3F6A463C24573AF500222F4F /* NumberConvertToKoreanTests */ = {
			isa = PBXGroup;
			children = (
				3F6A463D24573AF500222F4F /* NumberConvertToKoreanTests.swift */,
				3F6A463F24573AF500222F4F /* Info.plist */,
			);
			path = NumberConvertToKoreanTests;
			sourceTree = "<group>";
		};
		3F6A464724573AF500222F4F /* NumberConvertToKoreanUITests */ = {
			isa = PBXGroup;
			children = (
				3F6A464824573AF500222F4F /* NumberConvertToKoreanUITests.swift */,
				3F6A464A24573AF500222F4F /* Info.plist */,
			);
			path = NumberConvertToKoreanUITests;
			sourceTree = "<group>";
		};
/* End PBXGroup section */

/* Begin PBXNativeTarget section */
		3F6A462224573AF200222F4F /* NumberConvertToKorean */ = {
			isa = PBXNativeTarget;
			buildConfigurationList = 3F6A464D24573AF500222F4F /* Build configuration list for PBXNativeTarget "NumberConvertToKorean" */;
			buildPhases = (
				3F6A461F24573AF200222F4F /* Sources */,
				3F6A462024573AF200222F4F /* Frameworks */,
				3F6A462124573AF200222F4F /* Resources */,
			);
			buildRules = (
			);
			dependencies = (
			);
			name = NumberConvertToKorean;
			productName = NumberConvertToKorean;
			productReference = 3F6A462324573AF200222F4F /* NumberConvertToKorean.app */;
			productType = "com.apple.product-type.application";
		};
		3F6A463824573AF500222F4F /* NumberConvertToKoreanTests */ = {
			isa = PBXNativeTarget;
			buildConfigurationList = 3F6A465024573AF500222F4F /* Build configuration list for PBXNativeTarget "NumberConvertToKoreanTests" */;
			buildPhases = (
				3F6A463524573AF500222F4F /* Sources */,
				3F6A463624573AF500222F4F /* Frameworks */,
				3F6A463724573AF500222F4F /* Resources */,
			);
			buildRules = (
			);
			dependencies = (
				3F6A463B24573AF500222F4F /* PBXTargetDependency */,
			);
			name = NumberConvertToKoreanTests;
			productName = NumberConvertToKoreanTests;
			productReference = 3F6A463924573AF500222F4F /* NumberConvertToKoreanTests.xctest */;
			productType = "com.apple.product-type.bundle.unit-test";
		};
		3F6A464324573AF500222F4F /* NumberConvertToKoreanUITests */ = {
			isa = PBXNativeTarget;
			buildConfigurationList = 3F6A465324573AF500222F4F /* Build configuration list for PBXNativeTarget "NumberConvertToKoreanUITests" */;
			buildPhases = (
				3F6A464024573AF500222F4F /* Sources */,
				3F6A464124573AF500222F4F /* Frameworks */,
				3F6A464224573AF500222F4F /* Resources */,
			);
			buildRules = (
			);
			dependencies = (
				3F6A464624573AF500222F4F /* PBXTargetDependency */,
			);
			name = NumberConvertToKoreanUITests;
			productName = NumberConvertToKoreanUITests;
			productReference = 3F6A464424573AF500222F4F /* NumberConvertToKoreanUITests.xctest */;
			productType = "com.apple.product-type.bundle.ui-testing";
		};
/* End PBXNativeTarget section */

/* Begin PBXProject section */
		3F6A461B24573AF200222F4F /* Project object */ = {
			isa = PBXProject;
			attributes = {
				LastSwiftUpdateCheck = 1140;
				LastUpgradeCheck = 1140;
				ORGANIZATIONNAME = sunzero;
				TargetAttributes = {
					3F6A462224573AF200222F4F = {
						CreatedOnToolsVersion = 11.4.1;
					};
					3F6A463824573AF500222F4F = {
						CreatedOnToolsVersion = 11.4.1;
						TestTargetID = 3F6A462224573AF200222F4F;
					};
					3F6A464324573AF500222F4F = {
						CreatedOnToolsVersion = 11.4.1;
						TestTargetID = 3F6A462224573AF200222F4F;
					};
				};
			};
			buildConfigurationList = 3F6A461E24573AF200222F4F /* Build configuration list for PBXProject "NumberConvertToKorean" */;
			compatibilityVersion = "Xcode 9.3";
			developmentRegion = en;
			hasScannedForEncodings = 0;
			knownRegions = (
				en,
				Base,
			);
			mainGroup = 3F6A461A24573AF200222F4F;
			productRefGroup = 3F6A462424573AF200222F4F /* Products */;
			projectDirPath = "";
			projectRoot = "";
			targets = (
				3F6A462224573AF200222F4F /* NumberConvertToKorean */,
				3F6A463824573AF500222F4F /* NumberConvertToKoreanTests */,
				3F6A464324573AF500222F4F /* NumberConvertToKoreanUITests */,
			);
		};
/* End PBXProject section */

/* Begin PBXResourcesBuildPhase section */
		3F6A462124573AF200222F4F /* Resources */ = {
			isa = PBXResourcesBuildPhase;
			buildActionMask = 2147483647;
			files = (
				3F6A463324573AF500222F4F /* LaunchScreen.storyboard in Resources */,
				3F6A463024573AF500222F4F /* Assets.xcassets in Resources */,
				3F6A462E24573AF200222F4F /* Main.storyboard in Resources */,
			);
			runOnlyForDeploymentPostprocessing = 0;
		};
		3F6A463724573AF500222F4F /* Resources */ = {
			isa = PBXResourcesBuildPhase;
			buildActionMask = 2147483647;
			files = (
			);
			runOnlyForDeploymentPostprocessing = 0;
		};
		3F6A464224573AF500222F4F /* Resources */ = {
			isa = PBXResourcesBuildPhase;
			buildActionMask = 2147483647;
			files = (
			);
			runOnlyForDeploymentPostprocessing = 0;
		};
/* End PBXResourcesBuildPhase section */

/* Begin PBXSourcesBuildPhase section */
		3F6A461F24573AF200222F4F /* Sources */ = {
			isa = PBXSourcesBuildPhase;
			buildActionMask = 2147483647;
			files = (
				3F6A462B24573AF200222F4F /* ViewController.swift in Sources */,
				3F6A462724573AF200222F4F /* AppDelegate.swift in Sources */,
				3F6A462924573AF200222F4F /* SceneDelegate.swift in Sources */,
			);
			runOnlyForDeploymentPostprocessing = 0;
		};
		3F6A463524573AF500222F4F /* Sources */ = {
			isa = PBXSourcesBuildPhase;
			buildActionMask = 2147483647;
			files = (
				3F6A463E24573AF500222F4F /* NumberConvertToKoreanTests.swift in Sources */,
			);
			runOnlyForDeploymentPostprocessing = 0;
		};
		3F6A464024573AF500222F4F /* Sources */ = {
			isa = PBXSourcesBuildPhase;
			buildActionMask = 2147483647;
			files = (
				3F6A464924573AF500222F4F /* NumberConvertToKoreanUITests.swift in Sources */,
			);
			runOnlyForDeploymentPostprocessing = 0;
		};
/* End PBXSourcesBuildPhase section */

/* Begin PBXTargetDependency section */
		3F6A463B24573AF500222F4F /* PBXTargetDependency */ = {
			isa = PBXTargetDependency;
			target = 3F6A462224573AF200222F4F /* NumberConvertToKorean */;
			targetProxy = 3F6A463A24573AF500222F4F /* PBXContainerItemProxy */;
		};
		3F6A464624573AF500222F4F /* PBXTargetDependency */ = {
			isa = PBXTargetDependency;
			target = 3F6A462224573AF200222F4F /* NumberConvertToKorean */;
			targetProxy = 3F6A464524573AF500222F4F /* PBXContainerItemProxy */;
		};
/* End PBXTargetDependency section */

/* Begin PBXVariantGroup section */
		3F6A462C24573AF200222F4F /* Main.storyboard */ = {
			isa = PBXVariantGroup;
			children = (
				3F6A462D24573AF200222F4F /* Base */,
			);
			name = Main.storyboard;
			sourceTree = "<group>";
		};
		3F6A463124573AF500222F4F /* LaunchScreen.storyboard */ = {
			isa = PBXVariantGroup;
			children = (
				3F6A463224573AF500222F4F /* Base */,
			);
			name = LaunchScreen.storyboard;
			sourceTree = "<group>";
		};
/* End PBXVariantGroup section */

/* Begin XCBuildConfiguration section */
		3F6A464B24573AF500222F4F /* Debug */ = {
			isa = XCBuildConfiguration;
			buildSettings = {
				ALWAYS_SEARCH_USER_PATHS = NO;
				CLANG_ANALYZER_NONNULL = YES;
				CLANG_ANALYZER_NUMBER_OBJECT_CONVERSION = YES_AGGRESSIVE;
				CLANG_CXX_LANGUAGE_STANDARD = "gnu++14";
				CLANG_CXX_LIBRARY = "libc++";
				CLANG_ENABLE_MODULES = YES;
				CLANG_ENABLE_OBJC_ARC = YES;
				CLANG_ENABLE_OBJC_WEAK = YES;
				CLANG_WARN_BLOCK_CAPTURE_AUTORELEASING = YES;
				CLANG_WARN_BOOL_CONVERSION = YES;
				CLANG_WARN_COMMA = YES;
				CLANG_WARN_CONSTANT_CONVERSION = YES;
				CLANG_WARN_DEPRECATED_OBJC_IMPLEMENTATIONS = YES;
				CLANG_WARN_DIRECT_OBJC_ISA_USAGE = YES_ERROR;
				CLANG_WARN_DOCUMENTATION_COMMENTS = YES;
				CLANG_WARN_EMPTY_BODY = YES;
				CLANG_WARN_ENUM_CONVERSION = YES;
				CLANG_WARN_INFINITE_RECURSION = YES;
				CLANG_WARN_INT_CONVERSION = YES;
				CLANG_WARN_NON_LITERAL_NULL_CONVERSION = YES;
				CLANG_WARN_OBJC_IMPLICIT_RETAIN_SELF = YES;
				CLANG_WARN_OBJC_LITERAL_CONVERSION = YES;
				CLANG_WARN_OBJC_ROOT_CLASS = YES_ERROR;
				CLANG_WARN_RANGE_LOOP_ANALYSIS = YES;
				CLANG_WARN_STRICT_PROTOTYPES = YES;
				CLANG_WARN_SUSPICIOUS_MOVE = YES;
				CLANG_WARN_UNGUARDED_AVAILABILITY = YES_AGGRESSIVE;
				CLANG_WARN_UNREACHABLE_CODE = YES;
				CLANG_WARN__DUPLICATE_METHOD_MATCH = YES;
				COPY_PHASE_STRIP = NO;
				DEBUG_INFORMATION_FORMAT = dwarf;
				ENABLE_STRICT_OBJC_MSGSEND = YES;
				ENABLE_TESTABILITY = YES;
				GCC_C_LANGUAGE_STANDARD = gnu11;
				GCC_DYNAMIC_NO_PIC = NO;
				GCC_NO_COMMON_BLOCKS = YES;
				GCC_OPTIMIZATION_LEVEL = 0;
				GCC_PREPROCESSOR_DEFINITIONS = (
					"DEBUG=1",
					"$(inherited)",
				);
				GCC_WARN_64_TO_32_BIT_CONVERSION = YES;
				GCC_WARN_ABOUT_RETURN_TYPE = YES_ERROR;
				GCC_WARN_UNDECLARED_SELECTOR = YES;
				GCC_WARN_UNINITIALIZED_AUTOS = YES_AGGRESSIVE;
				GCC_WARN_UNUSED_FUNCTION = YES;
				GCC_WARN_UNUSED_VARIABLE = YES;
				IPHONEOS_DEPLOYMENT_TARGET = 13.4;
				MTL_ENABLE_DEBUG_INFO = INCLUDE_SOURCE;
				MTL_FAST_MATH = YES;
				ONLY_ACTIVE_ARCH = YES;
				SDKROOT = iphoneos;
				SWIFT_ACTIVE_COMPILATION_CONDITIONS = DEBUG;
				SWIFT_OPTIMIZATION_LEVEL = "-Onone";
			};
			name = Debug;
		};
		3F6A464C24573AF500222F4F /* Release */ = {
			isa = XCBuildConfiguration;
			buildSettings = {
				ALWAYS_SEARCH_USER_PATHS = NO;
				CLANG_ANALYZER_NONNULL = YES;
				CLANG_ANALYZER_NUMBER_OBJECT_CONVERSION = YES_AGGRESSIVE;
				CLANG_CXX_LANGUAGE_STANDARD = "gnu++14";
				CLANG_CXX_LIBRARY = "libc++";
				CLANG_ENABLE_MODULES = YES;
				CLANG_ENABLE_OBJC_ARC = YES;
				CLANG_ENABLE_OBJC_WEAK = YES;
				CLANG_WARN_BLOCK_CAPTURE_AUTORELEASING = YES;
				CLANG_WARN_BOOL_CONVERSION = YES;
				CLANG_WARN_COMMA = YES;
				CLANG_WARN_CONSTANT_CONVERSION = YES;
				CLANG_WARN_DEPRECATED_OBJC_IMPLEMENTATIONS = YES;
				CLANG_WARN_DIRECT_OBJC_ISA_USAGE = YES_ERROR;
				CLANG_WARN_DOCUMENTATION_COMMENTS = YES;
				CLANG_WARN_EMPTY_BODY = YES;
				CLANG_WARN_ENUM_CONVERSION = YES;
				CLANG_WARN_INFINITE_RECURSION = YES;
				CLANG_WARN_INT_CONVERSION = YES;
				CLANG_WARN_NON_LITERAL_NULL_CONVERSION = YES;
				CLANG_WARN_OBJC_IMPLICIT_RETAIN_SELF = YES;
				CLANG_WARN_OBJC_LITERAL_CONVERSION = YES;
				CLANG_WARN_OBJC_ROOT_CLASS = YES_ERROR;
				CLANG_WARN_RANGE_LOOP_ANALYSIS = YES;
				CLANG_WARN_STRICT_PROTOTYPES = YES;
				CLANG_WARN_SUSPICIOUS_MOVE = YES;
				CLANG_WARN_UNGUARDED_AVAILABILITY = YES_AGGRESSIVE;
				CLANG_WARN_UNREACHABLE_CODE = YES;
				CLANG_WARN__DUPLICATE_METHOD_MATCH = YES;
				COPY_PHASE_STRIP = NO;
				DEBUG_INFORMATION_FORMAT = "dwarf-with-dsym";
				ENABLE_NS_ASSERTIONS = NO;
				ENABLE_STRICT_OBJC_MSGSEND = YES;
				GCC_C_LANGUAGE_STANDARD = gnu11;
				GCC_NO_COMMON_BLOCKS = YES;
				GCC_WARN_64_TO_32_BIT_CONVERSION = YES;
				GCC_WARN_ABOUT_RETURN_TYPE = YES_ERROR;
				GCC_WARN_UNDECLARED_SELECTOR = YES;
				GCC_WARN_UNINITIALIZED_AUTOS = YES_AGGRESSIVE;
				GCC_WARN_UNUSED_FUNCTION = YES;
				GCC_WARN_UNUSED_VARIABLE = YES;
				IPHONEOS_DEPLOYMENT_TARGET = 13.4;
				MTL_ENABLE_DEBUG_INFO = NO;
				MTL_FAST_MATH = YES;
				SDKROOT = iphoneos;
				SWIFT_COMPILATION_MODE = wholemodule;
				SWIFT_OPTIMIZATION_LEVEL = "-O";
				VALIDATE_PRODUCT = YES;
			};
			name = Release;
		};
		3F6A464E24573AF500222F4F /* Debug */ = {
			isa = XCBuildConfiguration;
			buildSettings = {
				ASSETCATALOG_COMPILER_APPICON_NAME = AppIcon;
				CODE_SIGN_STYLE = Automatic;
				DEVELOPMENT_TEAM = 68L7TN3JGG;
				INFOPLIST_FILE = NumberConvertToKorean/Info.plist;
				LD_RUNPATH_SEARCH_PATHS = (
					"$(inherited)",
					"@executable_path/Frameworks",
				);
				PRODUCT_BUNDLE_IDENTIFIER = com.sunzero.NumberConvertToKorean;
				PRODUCT_NAME = "$(TARGET_NAME)";
				SWIFT_VERSION = 5.0;
				TARGETED_DEVICE_FAMILY = "1,2";
			};
			name = Debug;
		};
		3F6A464F24573AF500222F4F /* Release */ = {
			isa = XCBuildConfiguration;
			buildSettings = {
				ASSETCATALOG_COMPILER_APPICON_NAME = AppIcon;
				CODE_SIGN_STYLE = Automatic;
				DEVELOPMENT_TEAM = 68L7TN3JGG;
				INFOPLIST_FILE = NumberConvertToKorean/Info.plist;
				LD_RUNPATH_SEARCH_PATHS = (
					"$(inherited)",
					"@executable_path/Frameworks",
				);
				PRODUCT_BUNDLE_IDENTIFIER = com.sunzero.NumberConvertToKorean;
				PRODUCT_NAME = "$(TARGET_NAME)";
				SWIFT_VERSION = 5.0;
				TARGETED_DEVICE_FAMILY = "1,2";
			};
			name = Release;
		};
		3F6A465124573AF500222F4F /* Debug */ = {
			isa = XCBuildConfiguration;
			buildSettings = {
				ALWAYS_EMBED_SWIFT_STANDARD_LIBRARIES = YES;
				BUNDLE_LOADER = "$(TEST_HOST)";
				CODE_SIGN_STYLE = Automatic;
				DEVELOPMENT_TEAM = 68L7TN3JGG;
				INFOPLIST_FILE = NumberConvertToKoreanTests/Info.plist;
				IPHONEOS_DEPLOYMENT_TARGET = 13.4;
				LD_RUNPATH_SEARCH_PATHS = (
					"$(inherited)",
					"@executable_path/Frameworks",
					"@loader_path/Frameworks",
				);
				PRODUCT_BUNDLE_IDENTIFIER = com.sunzero.NumberConvertToKoreanTests;
				PRODUCT_NAME = "$(TARGET_NAME)";
				SWIFT_VERSION = 5.0;
				TARGETED_DEVICE_FAMILY = "1,2";
				TEST_HOST = "$(BUILT_PRODUCTS_DIR)/NumberConvertToKorean.app/NumberConvertToKorean";
			};
			name = Debug;
		};
		3F6A465224573AF500222F4F /* Release */ = {
			isa = XCBuildConfiguration;
			buildSettings = {
				ALWAYS_EMBED_SWIFT_STANDARD_LIBRARIES = YES;
				BUNDLE_LOADER = "$(TEST_HOST)";
				CODE_SIGN_STYLE = Automatic;
				DEVELOPMENT_TEAM = 68L7TN3JGG;
				INFOPLIST_FILE = NumberConvertToKoreanTests/Info.plist;
				IPHONEOS_DEPLOYMENT_TARGET = 13.4;
				LD_RUNPATH_SEARCH_PATHS = (
					"$(inherited)",
					"@executable_path/Frameworks",
					"@loader_path/Frameworks",
				);
				PRODUCT_BUNDLE_IDENTIFIER = com.sunzero.NumberConvertToKoreanTests;
				PRODUCT_NAME = "$(TARGET_NAME)";
				SWIFT_VERSION = 5.0;
				TARGETED_DEVICE_FAMILY = "1,2";
				TEST_HOST = "$(BUILT_PRODUCTS_DIR)/NumberConvertToKorean.app/NumberConvertToKorean";
			};
			name = Release;
		};
		3F6A465424573AF500222F4F /* Debug */ = {
			isa = XCBuildConfiguration;
			buildSettings = {
				ALWAYS_EMBED_SWIFT_STANDARD_LIBRARIES = YES;
				CODE_SIGN_STYLE = Automatic;
				DEVELOPMENT_TEAM = 68L7TN3JGG;
				INFOPLIST_FILE = NumberConvertToKoreanUITests/Info.plist;
				LD_RUNPATH_SEARCH_PATHS = (
					"$(inherited)",
					"@executable_path/Frameworks",
					"@loader_path/Frameworks",
				);
				PRODUCT_BUNDLE_IDENTIFIER = com.sunzero.NumberConvertToKoreanUITests;
				PRODUCT_NAME = "$(TARGET_NAME)";
				SWIFT_VERSION = 5.0;
				TARGETED_DEVICE_FAMILY = "1,2";
				TEST_TARGET_NAME = NumberConvertToKorean;
			};
			name = Debug;
		};
		3F6A465524573AF500222F4F /* Release */ = {
			isa = XCBuildConfiguration;
			buildSettings = {
				ALWAYS_EMBED_SWIFT_STANDARD_LIBRARIES = YES;
				CODE_SIGN_STYLE = Automatic;
				DEVELOPMENT_TEAM = 68L7TN3JGG;
				INFOPLIST_FILE = NumberConvertToKoreanUITests/Info.plist;
				LD_RUNPATH_SEARCH_PATHS = (
					"$(inherited)",
					"@executable_path/Frameworks",
					"@loader_path/Frameworks",
				);
				PRODUCT_BUNDLE_IDENTIFIER = com.sunzero.NumberConvertToKoreanUITests;
				PRODUCT_NAME = "$(TARGET_NAME)";
				SWIFT_VERSION = 5.0;
				TARGETED_DEVICE_FAMILY = "1,2";
				TEST_TARGET_NAME = NumberConvertToKorean;
			};
			name = Release;
		};
/* End XCBuildConfiguration section */

/* Begin XCConfigurationList section */
		3F6A461E24573AF200222F4F /* Build configuration list for PBXProject "NumberConvertToKorean" */ = {
			isa = XCConfigurationList;
			buildConfigurations = (
				3F6A464B24573AF500222F4F /* Debug */,
				3F6A464C24573AF500222F4F /* Release */,
			);
			defaultConfigurationIsVisible = 0;
			defaultConfigurationName = Release;
		};
		3F6A464D24573AF500222F4F /* Build configuration list for PBXNativeTarget "NumberConvertToKorean" */ = {
			isa = XCConfigurationList;
			buildConfigurations = (
				3F6A464E24573AF500222F4F /* Debug */,
				3F6A464F24573AF500222F4F /* Release */,
			);
			defaultConfigurationIsVisible = 0;
			defaultConfigurationName = Release;
		};
		3F6A465024573AF500222F4F /* Build configuration list for PBXNativeTarget "NumberConvertToKoreanTests" */ = {
			isa = XCConfigurationList;
			buildConfigurations = (
				3F6A465124573AF500222F4F /* Debug */,
				3F6A465224573AF500222F4F /* Release */,
			);
			defaultConfigurationIsVisible = 0;
			defaultConfigurationName = Release;
		};
		3F6A465324573AF500222F4F /* Build configuration list for PBXNativeTarget "NumberConvertToKoreanUITests" */ = {
			isa = XCConfigurationList;
			buildConfigurations = (
				3F6A465424573AF500222F4F /* Debug */,
				3F6A465524573AF500222F4F /* Release */,
			);
			defaultConfigurationIsVisible = 0;
			defaultConfigurationName = Release;
		};
/* End XCConfigurationList section */
	};
	rootObject = 3F6A461B24573AF200222F4F /* Project object */;
}
